# Generated by pub
# See https://www.dartlang.org/tools/pub/glossary#lockfile
packages:
  atlas:
    dependency: transitive
    description:
      name: atlas
      url: "https://pub.dartlang.org"
    source: hosted
    version: "0.0.2"
  collection:
    dependency: transitive
    description:
      name: collection
      url: "https://pub.dartlang.org"
    source: hosted
    version: "1.14.11"
  flutter:
    dependency: "direct main"
    description: flutter
    source: sdk
    version: "0.0.0"
  google_atlas:
    dependency: "direct main"
    description:
      path: "../packages/google_atlas"
      relative: true
    source: path
    version: "0.0.1"
  google_maps_flutter:
    dependency: transitive
    description:
      name: google_maps_flutter
      url: "https://pub.dartlang.org"
    source: hosted
    version: "0.5.13"
  meta:
    dependency: transitive
    description:
      name: meta
      url: "https://pub.dartlang.org"
    source: hosted
    version: "1.1.6"
  sky_engine:
    dependency: transitive
    description: flutter
    source: sdk
    version: "0.0.99"
  typed_data:
    dependency: transitive
    description:
      name: typed_data
      url: "https://pub.dartlang.org"
    source: hosted
    version: "1.1.6"
  vector_math:
    dependency: transitive
    description:
      name: vector_math
      url: "https://pub.dartlang.org"
    source: hosted
    version: "2.0.8"
sdks:
  dart: ">=2.2.2 <3.0.0"
  flutter: ">=0.11.9 <2.0.0"
